// !$*UTF8*$!
{
	archiveVersion = 1;
	classes = {
	};
	objectVersion = 50;
	objects = {

/* Begin PBXBuildFile section */
		4B66E1872500600900D648B1 /* AppDelegate.swift in Sources */ = {isa = PBXBuildFile; fileRef = 4B66E1862500600900D648B1 /* AppDelegate.swift */; };
		4B66E1892500600900D648B1 /* SceneDelegate.swift in Sources */ = {isa = PBXBuildFile; fileRef = 4B66E1882500600900D648B1 /* SceneDelegate.swift */; };
		4B66E18B2500600900D648B1 /* ChecklistView.swift in Sources */ = {isa = PBXBuildFile; fileRef = 4B66E18A2500600900D648B1 /* ChecklistView.swift */; };
		4B66E18D2500600900D648B1 /* Assets.xcassets in Resources */ = {isa = PBXBuildFile; fileRef = 4B66E18C2500600900D648B1 /* Assets.xcassets */; };
		4B66E1902500600900D648B1 /* Preview Assets.xcassets in Resources */ = {isa = PBXBuildFile; fileRef = 4B66E18F2500600900D648B1 /* Preview Assets.xcassets */; };
		4B66E1932500600900D648B1 /* LaunchScreen.storyboard in Resources */ = {isa = PBXBuildFile; fileRef = 4B66E1912500600900D648B1 /* LaunchScreen.storyboard */; };
		4B66E19B25006D2C00D648B1 /* ChecklistItem.swift in Sources */ = {isa = PBXBuildFile; fileRef = 4B66E19A25006D2C00D648B1 /* ChecklistItem.swift */; };
		4B66E19D25006D7200D648B1 /* Checklist.swift in Sources */ = {isa = PBXBuildFile; fileRef = 4B66E19C25006D7200D648B1 /* Checklist.swift */; };
		4B66E19F2500720300D648B1 /* EditChecklistItemView.swift in Sources */ = {isa = PBXBuildFile; fileRef = 4B66E19E2500720300D648B1 /* EditChecklistItemView.swift */; };
		4B66E1A12500766A00D648B1 /* NewChecklistItemView.swift in Sources */ = {isa = PBXBuildFile; fileRef = 4B66E1A02500766A00D648B1 /* NewChecklistItemView.swift */; };
		4B66E1A325007FCA00D648B1 /* RowView.swift in Sources */ = {isa = PBXBuildFile; fileRef = 4B66E1A225007FCA00D648B1 /* RowView.swift */; };
		4B66E1A9250087A400D648B1 /* IndexedCollection.swift in Sources */ = {isa = PBXBuildFile; fileRef = 4B66E1A6250087A400D648B1 /* IndexedCollection.swift */; };
		4B66E1AA250087A400D648B1 /* Binding.swift in Sources */ = {isa = PBXBuildFile; fileRef = 4B66E1A7250087A400D648B1 /* Binding.swift */; };
		4B66E1AB250087A400D648B1 /* ForEach.swift in Sources */ = {isa = PBXBuildFile; fileRef = 4B66E1A8250087A400D648B1 /* ForEach.swift */; };
/* End PBXBuildFile section */

/* Begin PBXFileReference section */
		4B66E1832500600900D648B1 /* Checklist.app */ = {isa = PBXFileReference; explicitFileType = wrapper.application; includeInIndex = 0; path = Checklist.app; sourceTree = BUILT_PRODUCTS_DIR; };
		4B66E1862500600900D648B1 /* AppDelegate.swift */ = {isa = PBXFileReference; lastKnownFileType = sourcecode.swift; path = AppDelegate.swift; sourceTree = "<group>"; };
		4B66E1882500600900D648B1 /* SceneDelegate.swift */ = {isa = PBXFileReference; lastKnownFileType = sourcecode.swift; path = SceneDelegate.swift; sourceTree = "<group>"; };
		4B66E18A2500600900D648B1 /* ChecklistView.swift */ = {isa = PBXFileReference; lastKnownFileType = sourcecode.swift; path = ChecklistView.swift; sourceTree = "<group>"; };
		4B66E18C2500600900D648B1 /* Assets.xcassets */ = {isa = PBXFileReference; lastKnownFileType = folder.assetcatalog; path = Assets.xcassets; sourceTree = "<group>"; };
		4B66E18F2500600900D648B1 /* Preview Assets.xcassets */ = {isa = PBXFileReference; lastKnownFileType = folder.assetcatalog; path = "Preview Assets.xcassets"; sourceTree = "<group>"; };
		4B66E1922500600900D648B1 /* Base */ = {isa = PBXFileReference; lastKnownFileType = file.storyboard; name = Base; path = Base.lproj/LaunchScreen.storyboard; sourceTree = "<group>"; };
		4B66E1942500600900D648B1 /* Info.plist */ = {isa = PBXFileReference; lastKnownFileType = text.plist.xml; path = Info.plist; sourceTree = "<group>"; };
		4B66E19A25006D2C00D648B1 /* ChecklistItem.swift */ = {isa = PBXFileReference; lastKnownFileType = sourcecode.swift; path = ChecklistItem.swift; sourceTree = "<group>"; };
		4B66E19C25006D7200D648B1 /* Checklist.swift */ = {isa = PBXFileReference; lastKnownFileType = sourcecode.swift; path = Checklist.swift; sourceTree = "<group>"; };
		4B66E19E2500720300D648B1 /* EditChecklistItemView.swift */ = {isa = PBXFileReference; lastKnownFileType = sourcecode.swift; path = EditChecklistItemView.swift; sourceTree = "<group>"; };
		4B66E1A02500766A00D648B1 /* NewChecklistItemView.swift */ = {isa = PBXFileReference; lastKnownFileType = sourcecode.swift; path = NewChecklistItemView.swift; sourceTree = "<group>"; };
		4B66E1A225007FCA00D648B1 /* RowView.swift */ = {isa = PBXFileReference; lastKnownFileType = sourcecode.swift; path = RowView.swift; sourceTree = "<group>"; };
		4B66E1A6250087A400D648B1 /* IndexedCollection.swift */ = {isa = PBXFileReference; fileEncoding = 4; lastKnownFileType = sourcecode.swift; path = IndexedCollection.swift; sourceTree = "<group>"; };
		4B66E1A7250087A400D648B1 /* Binding.swift */ = {isa = PBXFileReference; fileEncoding = 4; lastKnownFileType = sourcecode.swift; path = Binding.swift; sourceTree = "<group>"; };
		4B66E1A8250087A400D648B1 /* ForEach.swift */ = {isa = PBXFileReference; fileEncoding = 4; lastKnownFileType = sourcecode.swift; path = ForEach.swift; sourceTree = "<group>"; };
/* End PBXFileReference section */

/* Begin PBXFrameworksBuildPhase section */
		4B66E1802500600900D648B1 /* Frameworks */ = {
			isa = PBXFrameworksBuildPhase;
			buildActionMask = 2147483647;
			files = (
			);
			runOnlyForDeploymentPostprocessing = 0;
		};
/* End PBXFrameworksBuildPhase section */

/* Begin PBXGroup section */
		4B66E17A2500600900D648B1 = {
			isa = PBXGroup;
			children = (
				4B66E1852500600900D648B1 /* Checklist */,
				4B66E1842500600900D648B1 /* Products */,
			);
			sourceTree = "<group>";
		};
		4B66E1842500600900D648B1 /* Products */ = {
			isa = PBXGroup;
			children = (
				4B66E1832500600900D648B1 /* Checklist.app */,
			);
			name = Products;
			sourceTree = "<group>";
		};
		4B66E1852500600900D648B1 /* Checklist */ = {
			isa = PBXGroup;
			children = (
				4B66E1A5250087A400D648B1 /* Extensions */,
				4B66E1862500600900D648B1 /* AppDelegate.swift */,
				4B66E1882500600900D648B1 /* SceneDelegate.swift */,
				4B66E18A2500600900D648B1 /* ChecklistView.swift */,
				4B66E19E2500720300D648B1 /* EditChecklistItemView.swift */,
				4B66E19C25006D7200D648B1 /* Checklist.swift */,
				4B66E1A02500766A00D648B1 /* NewChecklistItemView.swift */,
				4B66E19A25006D2C00D648B1 /* ChecklistItem.swift */,
				4B66E1A225007FCA00D648B1 /* RowView.swift */,
				4B66E18C2500600900D648B1 /* Assets.xcassets */,
				4B66E1912500600900D648B1 /* LaunchScreen.storyboard */,
				4B66E1942500600900D648B1 /* Info.plist */,
				4B66E18E2500600900D648B1 /* Preview Content */,
			);
			path = Checklist;
			sourceTree = "<group>";
		};
		4B66E18E2500600900D648B1 /* Preview Content */ = {
			isa = PBXGroup;
			children = (
				4B66E18F2500600900D648B1 /* Preview Assets.xcassets */,
			);
			path = "Preview Content";
			sourceTree = "<group>";
		};
		4B66E1A5250087A400D648B1 /* Extensions */ = {
			isa = PBXGroup;
			children = (
				4B66E1A6250087A400D648B1 /* IndexedCollection.swift */,
				4B66E1A7250087A400D648B1 /* Binding.swift */,
				4B66E1A8250087A400D648B1 /* ForEach.swift */,
			);
			path = Extensions;
			sourceTree = "<group>";
		};
/* End PBXGroup section */

/* Begin PBXNativeTarget section */
		4B66E1822500600900D648B1 /* Checklist */ = {
			isa = PBXNativeTarget;
			buildConfigurationList = 4B66E1972500600900D648B1 /* Build configuration list for PBXNativeTarget "Checklist" */;
			buildPhases = (
				4B66E17F2500600900D648B1 /* Sources */,
				4B66E1802500600900D648B1 /* Frameworks */,
				4B66E1812500600900D648B1 /* Resources */,
			);
			buildRules = (
			);
			dependencies = (
			);
			name = Checklist;
			productName = Checklist;
			productReference = 4B66E1832500600900D648B1 /* Checklist.app */;
			productType = "com.apple.product-type.application";
		};
/* End PBXNativeTarget section */

/* Begin PBXProject section */
		4B66E17B2500600900D648B1 /* Project object */ = {
			isa = PBXProject;
			attributes = {
				LastSwiftUpdateCheck = 1160;
				LastUpgradeCheck = 1160;
				ORGANIZATIONNAME = "Tanarut Chaisuesomboon";
				TargetAttributes = {
					4B66E1822500600900D648B1 = {
						CreatedOnToolsVersion = 11.6;
					};
				};
			};
			buildConfigurationList = 4B66E17E2500600900D648B1 /* Build configuration list for PBXProject "Checklist" */;
			compatibilityVersion = "Xcode 9.3";
			developmentRegion = en;
			hasScannedForEncodings = 0;
			knownRegions = (
				en,
				Base,
			);
			mainGroup = 4B66E17A2500600900D648B1;
			productRefGroup = 4B66E1842500600900D648B1 /* Products */;
			projectDirPath = "";
			projectRoot = "";
			targets = (
				4B66E1822500600900D648B1 /* Checklist */,
			);
		};
/* End PBXProject section */

/* Begin PBXResourcesBuildPhase section */
		4B66E1812500600900D648B1 /* Resources */ = {
			isa = PBXResourcesBuildPhase;
			buildActionMask = 2147483647;
			files = (
				4B66E1932500600900D648B1 /* LaunchScreen.storyboard in Resources */,
				4B66E1902500600900D648B1 /* Preview Assets.xcassets in Resources */,
				4B66E18D2500600900D648B1 /* Assets.xcassets in Resources */,
			);
			runOnlyForDeploymentPostprocessing = 0;
		};
/* End PBXResourcesBuildPhase section */

/* Begin PBXSourcesBuildPhase section */
		4B66E17F2500600900D648B1 /* Sources */ = {
			isa = PBXSourcesBuildPhase;
			buildActionMask = 2147483647;
			files = (
				4B66E19D25006D7200D648B1 /* Checklist.swift in Sources */,
				4B66E1872500600900D648B1 /* AppDelegate.swift in Sources */,
				4B66E1AB250087A400D648B1 /* ForEach.swift in Sources */,
				4B66E1A9250087A400D648B1 /* IndexedCollection.swift in Sources */,
				4B66E19F2500720300D648B1 /* EditChecklistItemView.swift in Sources */,
				4B66E1A325007FCA00D648B1 /* RowView.swift in Sources */,
				4B66E1892500600900D648B1 /* SceneDelegate.swift in Sources */,
				4B66E18B2500600900D648B1 /* ChecklistView.swift in Sources */,
				4B66E1A12500766A00D648B1 /* NewChecklistItemView.swift in Sources */,
				4B66E19B25006D2C00D648B1 /* ChecklistItem.swift in Sources */,
				4B66E1AA250087A400D648B1 /* Binding.swift in Sources */,
			);
			runOnlyForDeploymentPostprocessing = 0;
		};
/* End PBXSourcesBuildPhase section */

/* Begin PBXVariantGroup section */
		4B66E1912500600900D648B1 /* LaunchScreen.storyboard */ = {
			isa = PBXVariantGroup;
			children = (
				4B66E1922500600900D648B1 /* Base */,
			);
			name = LaunchScreen.storyboard;
			sourceTree = "<group>";
		};
/* End PBXVariantGroup section */

/* Begin XCBuildConfiguration section */
		4B66E1952500600900D648B1 /* Debug */ = {
			isa = XCBuildConfiguration;
			buildSettings = {
				ALWAYS_SEARCH_USER_PATHS = NO;
				CLANG_ANALYZER_NONNULL = YES;
				CLANG_ANALYZER_NUMBER_OBJECT_CONVERSION = YES_AGGRESSIVE;
				CLANG_CXX_LANGUAGE_STANDARD = "gnu++14";
				CLANG_CXX_LIBRARY = "libc++";
				CLANG_ENABLE_MODULES = YES;
				CLANG_ENABLE_OBJC_ARC = YES;
				CLANG_ENABLE_OBJC_WEAK = YES;
				CLANG_WARN_BLOCK_CAPTURE_AUTORELEASING = YES;
				CLANG_WARN_BOOL_CONVERSION = YES;
				CLANG_WARN_COMMA = YES;
				CLANG_WARN_CONSTANT_CONVERSION = YES;
				CLANG_WARN_DEPRECATED_OBJC_IMPLEMENTATIONS = YES;
				CLANG_WARN_DIRECT_OBJC_ISA_USAGE = YES_ERROR;
				CLANG_WARN_DOCUMENTATION_COMMENTS = YES;
				CLANG_WARN_EMPTY_BODY = YES;
				CLANG_WARN_ENUM_CONVERSION = YES;
				CLANG_WARN_INFINITE_RECURSION = YES;
				CLANG_WARN_INT_CONVERSION = YES;
				CLANG_WARN_NON_LITERAL_NULL_CONVERSION = YES;
				CLANG_WARN_OBJC_IMPLICIT_RETAIN_SELF = YES;
				CLANG_WARN_OBJC_LITERAL_CONVERSION = YES;
				CLANG_WARN_OBJC_ROOT_CLASS = YES_ERROR;
				CLANG_WARN_RANGE_LOOP_ANALYSIS = YES;
				CLANG_WARN_STRICT_PROTOTYPES = YES;
				CLANG_WARN_SUSPICIOUS_MOVE = YES;
				CLANG_WARN_UNGUARDED_AVAILABILITY = YES_AGGRESSIVE;
				CLANG_WARN_UNREACHABLE_CODE = YES;
				CLANG_WARN__DUPLICATE_METHOD_MATCH = YES;
				COPY_PHASE_STRIP = NO;
				DEBUG_INFORMATION_FORMAT = dwarf;
				ENABLE_STRICT_OBJC_MSGSEND = YES;
				ENABLE_TESTABILITY = YES;
				GCC_C_LANGUAGE_STANDARD = gnu11;
				GCC_DYNAMIC_NO_PIC = NO;
				GCC_NO_COMMON_BLOCKS = YES;
				GCC_OPTIMIZATION_LEVEL = 0;
				GCC_PREPROCESSOR_DEFINITIONS = (
					"DEBUG=1",
					"$(inherited)",
				);
				GCC_WARN_64_TO_32_BIT_CONVERSION = YES;
				GCC_WARN_ABOUT_RETURN_TYPE = YES_ERROR;
				GCC_WARN_UNDECLARED_SELECTOR = YES;
				GCC_WARN_UNINITIALIZED_AUTOS = YES_AGGRESSIVE;
				GCC_WARN_UNUSED_FUNCTION = YES;
				GCC_WARN_UNUSED_VARIABLE = YES;
				IPHONEOS_DEPLOYMENT_TARGET = 13.6;
				MTL_ENABLE_DEBUG_INFO = INCLUDE_SOURCE;
				MTL_FAST_MATH = YES;
				ONLY_ACTIVE_ARCH = YES;
				SDKROOT = iphoneos;
				SWIFT_ACTIVE_COMPILATION_CONDITIONS = DEBUG;
				SWIFT_OPTIMIZATION_LEVEL = "-Onone";
			};
			name = Debug;
		};
		4B66E1962500600900D648B1 /* Release */ = {
			isa = XCBuildConfiguration;
			buildSettings = {
				ALWAYS_SEARCH_USER_PATHS = NO;
				CLANG_ANALYZER_NONNULL = YES;
				CLANG_ANALYZER_NUMBER_OBJECT_CONVERSION = YES_AGGRESSIVE;
				CLANG_CXX_LANGUAGE_STANDARD = "gnu++14";
				CLANG_CXX_LIBRARY = "libc++";
				CLANG_ENABLE_MODULES = YES;
				CLANG_ENABLE_OBJC_ARC = YES;
				CLANG_ENABLE_OBJC_WEAK = YES;
				CLANG_WARN_BLOCK_CAPTURE_AUTORELEASING = YES;
				CLANG_WARN_BOOL_CONVERSION = YES;
				CLANG_WARN_COMMA = YES;
				CLANG_WARN_CONSTANT_CONVERSION = YES;
				CLANG_WARN_DEPRECATED_OBJC_IMPLEMENTATIONS = YES;
				CLANG_WARN_DIRECT_OBJC_ISA_USAGE = YES_ERROR;
				CLANG_WARN_DOCUMENTATION_COMMENTS = YES;
				CLANG_WARN_EMPTY_BODY = YES;
				CLANG_WARN_ENUM_CONVERSION = YES;
				CLANG_WARN_INFINITE_RECURSION = YES;
				CLANG_WARN_INT_CONVERSION = YES;
				CLANG_WARN_NON_LITERAL_NULL_CONVERSION = YES;
				CLANG_WARN_OBJC_IMPLICIT_RETAIN_SELF = YES;
				CLANG_WARN_OBJC_LITERAL_CONVERSION = YES;
				CLANG_WARN_OBJC_ROOT_CLASS = YES_ERROR;
				CLANG_WARN_RANGE_LOOP_ANALYSIS = YES;
				CLANG_WARN_STRICT_PROTOTYPES = YES;
				CLANG_WARN_SUSPICIOUS_MOVE = YES;
				CLANG_WARN_UNGUARDED_AVAILABILITY = YES_AGGRESSIVE;
				CLANG_WARN_UNREACHABLE_CODE = YES;
				CLANG_WARN__DUPLICATE_METHOD_MATCH = YES;
				COPY_PHASE_STRIP = NO;
				DEBUG_INFORMATION_FORMAT = "dwarf-with-dsym";
				ENABLE_NS_ASSERTIONS = NO;
				ENABLE_STRICT_OBJC_MSGSEND = YES;
				GCC_C_LANGUAGE_STANDARD = gnu11;
				GCC_NO_COMMON_BLOCKS = YES;
				GCC_WARN_64_TO_32_BIT_CONVERSION = YES;
				GCC_WARN_ABOUT_RETURN_TYPE = YES_ERROR;
				GCC_WARN_UNDECLARED_SELECTOR = YES;
				GCC_WARN_UNINITIALIZED_AUTOS = YES_AGGRESSIVE;
				GCC_WARN_UNUSED_FUNCTION = YES;
				GCC_WARN_UNUSED_VARIABLE = YES;
				IPHONEOS_DEPLOYMENT_TARGET = 13.6;
				MTL_ENABLE_DEBUG_INFO = NO;
				MTL_FAST_MATH = YES;
				SDKROOT = iphoneos;
				SWIFT_COMPILATION_MODE = wholemodule;
				SWIFT_OPTIMIZATION_LEVEL = "-O";
				VALIDATE_PRODUCT = YES;
			};
			name = Release;
		};
		4B66E1982500600900D648B1 /* Debug */ = {
			isa = XCBuildConfiguration;
			buildSettings = {
				ASSETCATALOG_COMPILER_APPICON_NAME = AppIcon;
				CODE_SIGN_STYLE = Automatic;
				DEVELOPMENT_ASSET_PATHS = "\"Checklist/Preview Content\"";
				ENABLE_PREVIEWS = YES;
				INFOPLIST_FILE = Checklist/Info.plist;
				LD_RUNPATH_SEARCH_PATHS = (
					"$(inherited)",
					"@executable_path/Frameworks",
				);
				PRODUCT_BUNDLE_IDENTIFIER = tommychaisue.Checklist;
				PRODUCT_NAME = "$(TARGET_NAME)";
				SWIFT_VERSION = 5.0;
				TARGETED_DEVICE_FAMILY = "1,2";
			};
			name = Debug;
		};
		4B66E1992500600900D648B1 /* Release */ = {
			isa = XCBuildConfiguration;
			buildSettings = {
				ASSETCATALOG_COMPILER_APPICON_NAME = AppIcon;
				CODE_SIGN_STYLE = Automatic;
				DEVELOPMENT_ASSET_PATHS = "\"Checklist/Preview Content\"";
				ENABLE_PREVIEWS = YES;
				INFOPLIST_FILE = Checklist/Info.plist;
				LD_RUNPATH_SEARCH_PATHS = (
					"$(inherited)",
					"@executable_path/Frameworks",
				);
				PRODUCT_BUNDLE_IDENTIFIER = tommychaisue.Checklist;
				PRODUCT_NAME = "$(TARGET_NAME)";
				SWIFT_VERSION = 5.0;
				TARGETED_DEVICE_FAMILY = "1,2";
			};
			name = Release;
		};
/* End XCBuildConfiguration section */

/* Begin XCConfigurationList section */
		4B66E17E2500600900D648B1 /* Build configuration list for PBXProject "Checklist" */ = {
			isa = XCConfigurationList;
			buildConfigurations = (
				4B66E1952500600900D648B1 /* Debug */,
				4B66E1962500600900D648B1 /* Release */,
			);
			defaultConfigurationIsVisible = 0;
			defaultConfigurationName = Release;
		};
		4B66E1972500600900D648B1 /* Build configuration list for PBXNativeTarget "Checklist" */ = {
			isa = XCConfigurationList;
			buildConfigurations = (
				4B66E1982500600900D648B1 /* Debug */,
				4B66E1992500600900D648B1 /* Release */,
			);
			defaultConfigurationIsVisible = 0;
			defaultConfigurationName = Release;
		};
/* End XCConfigurationList section */
	};
	rootObject = 4B66E17B2500600900D648B1 /* Project object */;
}
